
Microsoft Visual Studio Solution File, Format Version 12.00
# Visual Studio Version 17
VisualStudioVersion = 17.2.32210.308
MinimumVisualStudioVersion = 10.0.40219.1
Project("{FAE04EC0-301F-11D3-BF4B-00C04F79EFBC}") = "Bulletin", "Bulletin\Bulletin.csproj", "{E37073EF-9DC6-4A0E-8D7A-9FADCA512792}"
EndProject
Project("{FAE04EC0-301F-11D3-BF4B-00C04F79EFBC}") = "UnitTestProject1", "UnitTestProject1\UnitTestProject1.csproj", "{4C430D8C-2123-431C-84A7-F9B4E1D070A9}"
EndProject
Global
	GlobalSection(SolutionConfigurationPlatforms) = preSolution
		Debug|Any CPU = Debug|Any CPU
		Release|Any CPU = Release|Any CPU
	EndGlobalSection
	GlobalSection(ProjectConfigurationPlatforms) = postSolution
		{E37073EF-9DC6-4A0E-8D7A-9FADCA512792}.Debug|Any CPU.ActiveCfg = Debug|Any CPU
		{E37073EF-9DC6-4A0E-8D7A-9FADCA512792}.Debug|Any CPU.Build.0 = Debug|Any CPU
		{E37073EF-9DC6-4A0E-8D7A-9FADCA512792}.Release|Any CPU.ActiveCfg = Release|Any CPU
		{E37073EF-9DC6-4A0E-8D7A-9FADCA512792}.Release|Any CPU.Build.0 = Release|Any CPU
		{4C430D8C-2123-431C-84A7-F9B4E1D070A9}.Debug|Any CPU.ActiveCfg = Debug|Any CPU
		{4C430D8C-2123-431C-84A7-F9B4E1D070A9}.Debug|Any CPU.Build.0 = Debug|Any CPU
		{4C430D8C-2123-431C-84A7-F9B4E1D070A9}.Release|Any CPU.ActiveCfg = Release|Any CPU
		{4C430D8C-2123-431C-84A7-F9B4E1D070A9}.Release|Any CPU.Build.0 = Release|Any CPU
	EndGlobalSection
	GlobalSection(SolutionProperties) = preSolution
		HideSolutionNode = FALSE
	EndGlobalSection
	GlobalSection(ExtensibilityGlobals) = postSolution
		SolutionGuid = {F88BBA48-A334-4D9B-8A12-A4186907A860}
	EndGlobalSection
EndGlobal
